{
  "lockfileVersion": 1,
  "configVersion": 1,
  "workspaces": {
    "": {
      "name": "game-builder",
    },
    "packages/agents": {
      "name": "@game-builder/agents",
      "version": "0.0.1",
      "dependencies": {
        "@game-builder/shared": "workspace:*",
      },
    },
    "packages/backend": {
      "name": "@game-builder/backend",
      "version": "0.0.1",
      "dependencies": {
        "@game-builder/shared": "workspace:*",
      },
    },
    "packages/electron": {
      "name": "@game-builder/electron",
      "version": "0.0.1",
      "dependencies": {
        "@game-builder/shared": "workspace:*",
      },
    },
    "packages/godot-manager": {
      "name": "@game-builder/godot-manager",
      "version": "0.0.1",
      "dependencies": {
        "@game-builder/shared": "workspace:*",
      },
    },
    "packages/shared": {
      "name": "@game-builder/shared",
      "version": "0.0.1",
    },
  },
  "packages": {
    "@game-builder/agents": ["@game-builder/agents@workspace:packages/agents"],

    "@game-builder/backend": ["@game-builder/backend@workspace:packages/backend"],

    "@game-builder/electron": ["@game-builder/electron@workspace:packages/electron"],

    "@game-builder/godot-manager": ["@game-builder/godot-manager@workspace:packages/godot-manager"],

    "@game-builder/shared": ["@game-builder/shared@workspace:packages/shared"],
  }
}
